# This file is autogenerated, do not edit; changes may be undone by the next 'dep ensure'.


[[projects]]
  branch = "master"
  name = "github.com/Azure/go-ansiterm"
  packages = [
    ".",
    "winterm"
  ]
  revision = "d6e3b3328b783f23731bc4d058875b0371ff8109"

[[projects]]
  name = "github.com/Microsoft/go-winio"
  packages = ["."]
  revision = "97e4973ce50b2ff5f09635a57e2b88a037aae829"
  version = "v0.4.11"

[[projects]]
  branch = "master"
  name = "github.com/Nvveen/Gotty"
  packages = ["."]
  revision = "cd527374f1e5bff4938207604a14f2e38a9cf512"

[[projects]]
  name = "github.com/codegangsta/cli"
  packages = ["."]
  revision = "cfb38830724cc34fedffe9a2a29fb54fa9169cd1"
  version = "v1.20.0"

[[projects]]
  branch = "master"
  name = "github.com/containerd/continuity"
  packages = ["pathdriver"]
  revision = "004b46473808b3e7a4a3049c20e4376c91eb966d"

[[projects]]
  name = "github.com/docker/distribution"
  packages = [
    ".",
    "digestset",
    "manifest",
    "manifest/schema1",
    "manifest/schema2",
    "reference"
  ]
  revision = "40b7b5830a2337bb07627617740c0e39eb92800c"
  version = "v2.7.0"

[[projects]]
  branch = "master"
  name = "github.com/docker/docker"
  packages = [
    "api/types",
    "api/types/blkiodev",
    "api/types/container",
    "api/types/filters",
    "api/types/mount",
    "api/types/network",
    "api/types/registry",
    "api/types/strslice",
    "api/types/swarm",
    "api/types/swarm/runtime",
    "api/types/versions",
    "errdefs",
    "opts",
    "pkg/archive",
    "pkg/fileutils",
    "pkg/homedir",
    "pkg/idtools",
    "pkg/ioutils",
    "pkg/longpath",
    "pkg/mount",
    "pkg/pools",
    "pkg/stdcopy",
    "pkg/system"
  ]
  revision = "d147fe0582f44c0fc22ec8bdffff44939dd54d52"

[[projects]]
  name = "github.com/docker/go-connections"
  packages = ["nat"]
  revision = "7395e3f8aa162843a74ed6d48e79627d9792ac55"
  version = "v0.4.0"

[[projects]]
  name = "github.com/docker/go-units"
  packages = ["."]
  revision = "47565b4f722fb6ceae66b95f853feed578a4a51c"
  version = "v0.3.3"

[[projects]]
  branch = "master"
  name = "github.com/docker/libnetwork"
  packages = ["ipamutils"]
  revision = "7d806f082ca55cd6c957ee8697d4e436a22a14fd"

[[projects]]
  branch = "master"
  name = "github.com/docker/libtrust"
  packages = ["."]
  revision = "aabc10ec26b754e797f9028f4589c5b7bd90dc20"

[[projects]]
  name = "github.com/fsouza/go-dockerclient"
  packages = [
    ".",
    "internal/archive",
    "internal/jsonmessage",
    "internal/term"
  ]
  revision = "f3bdb27a96799b10006a884ef2fed89284466276"
  version = "v1.3.1"

[[projects]]
  name = "github.com/gogo/protobuf"
  packages = ["proto"]
  revision = "4cbf7e384e768b4e01799441fdf2a706a5635ae7"
  version = "v1.2.0"

[[projects]]
  branch = "master"
  name = "github.com/heroku/docker-registry-client"
  packages = ["registry"]
  revision = "47ecf50fd8d4fba87593c00ca0959029c7d6b95c"

[[projects]]
  name = "github.com/konsorten/go-windows-terminal-sequences"
  packages = ["."]
  revision = "5c8c8bd35d3832f5d134ae1e1e375b69a4d25242"
  version = "v1.0.1"

[[projects]]
  name = "github.com/opencontainers/go-digest"
  packages = ["."]
  revision = "279bed98673dd5bef374d3b6e4b09e2af76183bf"
  version = "v1.0.0-rc1"

[[projects]]
  name = "github.com/opencontainers/image-spec"
  packages = [
    "specs-go",
    "specs-go/v1"
  ]
  revision = "d60099175f88c47cd379c4738d158884749ed235"
  version = "v1.0.1"

[[projects]]
  name = "github.com/opencontainers/runc"
  packages = [
    "libcontainer/system",
    "libcontainer/user"
  ]
  revision = "baf6536d6259209c3edfa2b22237af82942d3dfa"
  version = "v0.1.1"

[[projects]]
  name = "github.com/pkg/errors"
  packages = ["."]
  revision = "645ef00459ed84a119197bfb8d8205042c6df63d"
  version = "v0.8.0"

[[projects]]
  name = "github.com/sirupsen/logrus"
  packages = ["."]
  revision = "bcd833dfe83d3cebad139e4a29ed79cb2318bf95"
  version = "v1.2.0"

[[projects]]
  branch = "master"
  name = "github.com/spf13/jwalterweatherman"
  packages = ["."]
  revision = "94f6ae3ed3bceceafa716478c5fbf8d29ca601a1"

[[projects]]
  branch = "master"
  name = "golang.org/x/crypto"
  packages = ["ssh/terminal"]
  revision = "505ab145d0a99da450461ae2c1a9f6cd10d1f447"

[[projects]]
  branch = "master"
  name = "golang.org/x/sys"
  packages = [
    "unix",
    "windows"
  ]
  revision = "b4a75ba826a64a70990f11a225237acd6ef35c9f"

[solve-meta]
  analyzer-name = "dep"
  analyzer-version = 1
  inputs-digest = "396df7261e144b0603b1a9f61f2b6235eb21e26494db880bcc764e8df7ab8172"
  solver-name = "gps-cdcl"
  solver-version = 1
